version = 1
revision = 3
requires-python = ">=3.13"

[[package]]
name = "colorama"
version = "0.4.6"
source = { registry = "https://pypi.org/simple" }
sdist = { url = "https://files.pythonhosted.org/packages/d8/53/6f443c9a4a8358a93a6792e2acffb9d9d5cb0a5cfd8802644b7b1c9a02e4/colorama-0.4.6.tar.gz", hash = "sha256:08695f5cb7ed6e0531a20572697297273c47b8cae5a63ffc6d6ed5c201be6e44", size = 27697, upload-time = "2022-10-25T02:36:22.414Z" }
wheels = [
    { url = "https://files.pythonhosted.org/packages/d1/d6/3965ed04c63042e047cb6a3e6ed1a63a35087b6a609aa3a15ed8ac56c221/colorama-0.4.6-py2.py3-none-any.whl", hash = "sha256:4f1d9991f5acc0ca119f9d443620b77f9d6b33703e51011c16baf57afb285fc6", size = 25335, upload-time = "2022-10-25T02:36:20.889Z" },
]

[[package]]
name = "fonttools"
version = "4.64.0"
source = { registry = "https://pypi.org/simple" }
sdist = { url = "https://files.pythonhosted.org/packages/d4/41/0f072a712dc74496e03710e462a18a4cfd8a258ad055a4e22d28b43a7abd/fonttools-4.64.0.tar.gz", hash = "sha256:ecb2e59a7bc692fee64dda6010deb66222335693b30046f15cccf81233aa715f", size = 3664266, upload-time = "2026-08-31T15:44:33.685Z" }
wheels = [
    { url = "https://files.pythonhosted.org/packages/44/7b/49b0054a79b9ed918c018e70e09b56eb5678ee8b44e59e126c79de4d8d73/fonttools-4.64.0-cp313-cp313-macosx_10_13_universal2.whl", hash = "sha256:9443eefff58aad558608f352092e1be6d278980e8c3b4e8621fcbfda97818500", size = 3092750, upload-time = "2026-08-31T15:43:02.705Z" },
    { url = "https://files.pythonhosted.org/packages/83/e2/08e73bd2f6e6248f071d3e9debe4c2b4cecda3a7dc057c56b44e255421c3/fonttools-4.64.0-cp313-cp313-macosx_10_13_x86_64.whl", hash = "sha256:09657817b75575822bcd6098ef0ebf0386f34430839ee53109e70fd40a7f6539", size = 2583001, upload-time = "2026-08-31T15:43:04.923Z" },
    { url = "https://files.pythonhosted.org/packages/2f/58/6dc0ff0963fc1e12f53bac59175617ec5927342ee7a4ffb871b44d56d81b/fonttools-4.64.0-cp313-cp313-manylinux2014_aarch64.manylinux_2_17_aarch64.manylinux_2_28_aarch64.whl", hash = "sha256:7d7995b906666037d7114c20a5566a372902747452af7d5bd4cd6bca8f1a2550", size = 5392765, upload-time = "2026-08-31T15:43:07.096Z" },
    { url = "https://files.pythonhosted.org/packages/7a/dd/4d3911049680da7b3aecf97cb5094e3a05554f5d94829358fc7664640456/fonttools-4.64.0-cp313-cp313-manylinux2014_x86_64.manylinux_2_17_x86_64.whl", hash = "sha256:2c42237b7e8c6813643e57d3efed3be094d4c06339dc2166b626e2cc5c12ee93", size = 5373969, upload-time = "2026-08-31T15:43:09.617Z" },
    { url = "https://files.pythonhosted.org/packages/48/0a/a2cf94121fd3ca9166bdb4863f71d6db32a5606b223c81e2ba99832a0612/fonttools-4.64.0-cp313-cp313-musllinux_1_2_aarch64.whl", hash = "sha256:498f02ea92c9ca18c0f9c581ea93184a9d56c25b0af14189b0767adaf34235d8", size = 5333854, upload-time = "2026-08-31T15:43:11.985Z" },
    { url = "https://files.pythonhosted.org/packages/44/e2/632f4a8b94e6d7eea41e6d82f0ed337f64f5fb96f9910e2ac6b1689910e2/fonttools-4.64.0-cp313-cp313-musllinux_1_2_x86_64.whl", hash = "sha256:8252f20108e557532f91d7d6dd9af87c16ed6fa930f65516aa480fa2cfed3363", size = 5492828, upload-time = "2026-08-31T15:43:14.288Z" },
    { url = "https://files.pythonhosted.org/packages/ff/25/7fee1978fdedc1a2d978b76dddbea88785416f5774e7222327b867712d71/fonttools-4.64.0-cp313-cp313-win32.whl", hash = "sha256:45e3ecc3888f1637094fd75cd8fc727f3a4b06d1ddf89181126c071e244fd2a5", size = 2429011, upload-time = "2026-08-31T15:43:16.463Z" },
    { url = "https://files.pythonhosted.org/packages/dd/ed/bb1c217c9e1fbfa59f42b266af57df937a703882a73e59a309773752228f/fonttools-4.64.0-cp313-cp313-win_amd64.whl", hash = "sha256:e4812f71c39d77ec5041348dafa400532adf7bf8f1fffa9aa6495fce5876d7b8", size = 2480199, upload-time = "2026-08-31T15:43:18.774Z" },
    { url = "https://files.pythonhosted.org/packages/a0/0a/59b9074b8ab165cc28d3e08bcf7a8eff8e1dc5932a5a41c87b15952fa3af/fonttools-4.64.0-cp314-cp314-macosx_10_15_universal2.whl", hash = "sha256:6f1ce9ef9a1b13098efdc2e43a2ed96d9851bbde7b31c652a87552c4efe9b422", size = 3096790, upload-time = "2026-08-31T15:43:21.125Z" },
    { url = "https://files.pythonhosted.org/packages/17/39/af1077a36feefe79f36d67d75aee637a96673c0a74eeb2c6f24266f5a20b/fonttools-4.64.0-cp314-cp314-macosx_10_15_x86_64.whl", hash = "sha256:83cc48d1411d2ff388dab99973dca81172cc9ceae9c9799da9548d494cfb38cb", size = 2584288, upload-time = "2026-08-31T15:43:23.148Z" },
    { url = "https://files.pythonhosted.org/packages/00/c4/1ea58af0eb78264d28e5871bba0810bf0943cd93d641fdeae92553ad3410/fonttools-4.64.0-cp314-cp314-manylinux2014_aarch64.manylinux_2_17_aarch64.manylinux_2_28_aarch64.whl", hash = "sha256:e412767d1c9765cf1b82f7b00f1686c6ca5809ebb77af363b3f9f2325a465c01", size = 5378061, upload-time = "2026-08-31T15:43:25.193Z" },
    { url = "https://files.pythonhosted.org/packages/93/99/5c7e36d770407b66f7fc8378d2bb47f1530d083d8b9247ff011ec9b4dd70/fonttools-4.64.0-cp314-cp314-manylinux2014_x86_64.manylinux_2_17_x86_64.whl", hash = "sha256:b4a7af455ffed980925bc0ebf5b8d6239e6c3e797d9d755b6db192fb3080d614", size = 5319458, upload-time = "2026-08-31T15:43:27.696Z" },
    { url = "https://files.pythonhosted.org/packages/a8/09/89e8d600e92723309d4ddd3944c4ca565197a5df0236ae4115ccbe797375/fonttools-4.64.0-cp314-cp314-musllinux_1_2_aarch64.whl", hash = "sha256:398b14f89ca950b288bd290875f07e4e10685644fa4ac668546fb107b1ada4d4", size = 5316656, upload-time = "2026-08-31T15:43:29.842Z" },
    { url = "https://files.pythonhosted.org/packages/0e/b3/56719ab37e1592ceac89724574146622bedec036a207be80f3c7b1c14cbe/fonttools-4.64.0-cp314-cp314-musllinux_1_2_x86_64.whl", hash = "sha256:dc96150f99e05a317cb1f042b92c4cf8bc93cdb1f9f85717322e202ecdf2e505", size = 5448380, upload-time = "2026-08-31T15:43:32.311Z" },
    { url = "https://files.pythonhosted.org/packages/3b/b0/15951b7e3006073f3260da4f8983732d18903905cfe26daa5138a0bbf682/fonttools-4.64.0-cp314-cp314-win32.whl", hash = "sha256:1c3661324f3f0fa4539a32288a3e0711a5f3ccf020036e760bb558ae9811a16f", size = 2432778, upload-time = "2026-08-31T15:43:34.421Z" },
    { url = "https://files.pythonhosted.org/packages/8e/f3/0c97402b29411f4f6d31b32f2af5b4bcd5babe5a93c64558a8fd3654f140/fonttools-4.64.0-cp314-cp314-win_amd64.whl", hash = "sha256:043f6c572bf236f2a76e762c25f841daea11e8fc03e78088d7be66e0c5b4e4c0", size = 2485394, upload-time = "2026-08-31T15:43:36.506Z" },
    { url = "https://files.pythonhosted.org/packages/00/da/82192c7bee5314f04129a068dddae11082a63295d4e3b5ce08657de96608/fonttools-4.64.0-cp314-cp314t-macosx_10_15_universal2.whl", hash = "sha256:4691a122b8c1d0d82d6e7510ce59d5c42146518240274b53e912e255573924f7", size = 3170118, upload-time = "2026-08-31T15:43:38.579Z" },
    { url = "https://files.pythonhosted.org/packages/42/2d/0b4f608d754f625fecc7d94b3b26af6f65f6ab4527b386bb0c6141cdd9ea/fonttools-4.64.0-cp314-cp314t-macosx_10_15_x86_64.whl", hash = "sha256:3200180abc69639483cf54a17cca2e13c31ede5f665979ea0a9c829d093f372f", size = 2617333, upload-time = "2026-08-31T15:43:40.934Z" },
    { url = "https://files.pythonhosted.org/packages/5e/df/9f7448c38dea05458acfee81c443b14ef97d6d66c636af053d41cf8a32dd/fonttools-4.64.0-cp314-cp314t-manylinux2014_aarch64.manylinux_2_17_aarch64.manylinux_2_28_aarch64.whl", hash = "sha256:53eee22af5b5a305c1ee2652955ed46b148e881456fcec1e7f0eb27f642f6bb4", size = 5542345, upload-time = "2026-08-31T15:43:43.114Z" },
    { url = "https://files.pythonhosted.org/packages/b1/e8/cbf4a81e8be322bc4bee4ba31cd33a7b6336ef8030fa13b53b3e9c09fbf9/fonttools-4.64.0-cp314-cp314t-manylinux2014_x86_64.manylinux_2_17_x86_64.whl", hash = "sha256:08f172961e11f4eb4f80f2f20049e09b0ea8e044fa6d456fed8346eb8588f360", size = 5349981, upload-time = "2026-08-31T15:43:45.363Z" },
    { url = "https://files.pythonhosted.org/packages/d8/dc/106fd9e93e962dbb60482d30c0913af3d108f5762429dfe93265a850bdc5/fonttools-4.64.0-cp314-cp314t-musllinux_1_2_aarch64.whl", hash = "sha256:6eae4376adb104c2acfa76fd9ea0cb12b572ca1d70eceac709871f638ff76e93", size = 5409249, upload-time = "2026-08-31T15:43:47.817Z" },
    { url = "https://files.pythonhosted.org/packages/b0/2d/c7be990abf74c9c5c5367ae3dc65953ffce49fe00f62abd129cf725a2397/fonttools-4.64.0-cp314-cp314t-musllinux_1_2_x86_64.whl", hash = "sha256:2730946ca8f12c356bd98eb9b2b095c8e761ed05bed5afb0d5b380cebe4f6370", size = 5443781, upload-time = "2026-08-31T15:43:49.909Z" },
    { url = "https://files.pythonhosted.org/packages/9b/cc/bffec3dccb9e3f4f6097a2baedaef5a8dec2cb816522ee163e4bb7f54b44/fonttools-4.64.0-cp314-cp314t-win32.whl", hash = "sha256:d30c966bea2deffa19c738c81776f7182da5ccabd97e666bae4f3d6ba87341d9", size = 2466542, upload-time = "2026-08-31T15:43:52.088Z" },
    { url = "https://files.pythonhosted.org/packages/96/49/e31f97dfc94e0648999f04bfccb37a97062d978f87df60654f496942c89f/fonttools-4.64.0-cp314-cp314t-win_amd64.whl", hash = "sha256:917fd520bb60809d83c14d43cfe48d5ad2516abaf2c073d65a431800dade2d29", size = 2516703, upload-time = "2026-08-31T15:43:53.954Z" },
    { url = "https://files.pythonhosted.org/packages/fe/ec/e39b9e56db7dcc859983caa24cf2a36209dd71f6cc8ddbbf00d7342d7988/fonttools-4.64.0-cp315-cp315-macosx_10_15_universal2.whl", hash = "sha256:8dd18fdff0ac9759b8d67a714730abee07b2312e3656c20ba5affb0107094762", size = 3091150, upload-time = "2026-08-31T15:43:56.309Z" },
    { url = "https://files.pythonhosted.org/packages/a8/e1/3e6a409d6f99efb66c2f6d0a71986432ff9cc9aca0df9ff4a8bed1d850f6/fonttools-4.64.0-cp315-cp315-macosx_10_15_x86_64.whl", hash = "sha256:5af87d1a6d247d7467ee082ae977a5443b2c45f8cd4d59375b6daa38d523c2de", size = 2582833, upload-time = "2026-08-31T15:43:58.348Z" },
    { url = "https://files.pythonhosted.org/packages/91/7e/e8aec0e6eaf93267450535c1be9c9ae63e1d9c49659c2ffdb52c19982114/fonttools-4.64.0-cp315-cp315-manylinux2014_aarch64.manylinux_2_17_aarch64.manylinux_2_28_aarch64.whl", hash = "sha256:769fb64412ca237547ca73f111a64252d9e32c9d938bed51ed537bc9146a8f54", size = 5375327, upload-time = "2026-08-31T15:44:00.417Z" },
    { url = "https://files.pythonhosted.org/packages/61/d1/fa9ce5c1c3c0ef858a2cbe5632e9b6b137deca010b28d5d9a677e4aa89a7/fonttools-4.64.0-cp315-cp315-manylinux2014_x86_64.manylinux_2_17_x86_64.whl", hash = "sha256:e662f874ab2c7da9861584db44a13573e0936df087215f63013138f6e5eba083", size = 5338647, upload-time = "2026-08-31T15:44:02.62Z" },
    { url = "https://files.pythonhosted.org/packages/0d/13/e4d4fa3c166f7f5a8f9b6403ad9dcb3887cd05f8b9d2638bd2b43d2889ef/fonttools-4.64.0-cp315-cp315-musllinux_1_2_aarch64.whl", hash = "sha256:2524a26f8fdb9051b0d778d052f5d238285ca9f91a7dc004514c7d6cf38d35f4", size = 5313557, upload-time = "2026-08-31T15:44:05.037Z" },
    { url = "https://files.pythonhosted.org/packages/91/c8/5a352d69608ea7606f677080ede971090fc7340b9f143c0b4fa00cfbf63e/fonttools-4.64.0-cp315-cp315-musllinux_1_2_x86_64.whl", hash = "sha256:1e4e84b47839d35be24dbf476845a34f2ccf99707b66df125c1c414d3e86d25d", size = 5462363, upload-time = "2026-08-31T15:44:07.13Z" },
    { url = "https://files.pythonhosted.org/packages/4b/f1/b15b845f66b559a24a9c40859391bbd3048af3ac0fd04e45b57dca11c4c7/fonttools-4.64.0-cp315-cp315-win32.whl", hash = "sha256:be084d19a3ac0c8b2aba696680642d703118d3b1f18cf83f5b7dbaf0ffc62ab6", size = 2431682, upload-time = "2026-08-31T15:44:09.293Z" },
    { url = "https://files.pythonhosted.org/packages/c6/b2/909beff0d2e2e1adac896e36cff7f9d76fd154bcd57e303d8f09aee8f72b/fonttools-4.64.0-cp315-cp315-win_amd64.whl", hash = "sha256:de8acaa5f4160f537a3cf41b031171d51004b9f4aebfa6c194f18dffa9533d03", size = 2484393, upload-time = "2026-08-31T15:44:11.117Z" },
    { url = "https://files.pythonhosted.org/packages/40/47/06a51becf651cc071daa88e18ecb9f45ace9e3a570d8191ed8b3cae353fa/fonttools-4.64.0-cp315-cp315t-macosx_10_15_universal2.whl", hash = "sha256:5b90ad6637237b636d15c9ae8b7c4a7a1c194f33def378677e468c13fd4542f8", size = 3162235, upload-time = "2026-08-31T15:44:13.182Z" },
    { url = "https://files.pythonhosted.org/packages/dd/96/8b3faf58fd7ec3bb11943126658ad15b3f385068b23248deffccf2327ac1/fonttools-4.64.0-cp315-cp315t-macosx_10_15_x86_64.whl", hash = "sha256:fa75c7970bc6bca340cc6e20f20f069201bfcb50094c31a536fd99724d1d01ca", size = 2613507, upload-time = "2026-08-31T15:44:15.123Z" },
    { url = "https://files.pythonhosted.org/packages/bb/3a/223d1437e72d79f1549be7bafb3cc08f397e1d9c354a241a8ec8573b7d33/fonttools-4.64.0-cp315-cp315t-manylinux2014_aarch64.manylinux_2_17_aarch64.manylinux_2_28_aarch64.whl", hash = "sha256:236e59bc7e2a63557a4d7b013f9cb9e28d9aebc45bc09f85e545e6bf091db626", size = 5518005, upload-time = "2026-08-31T15:44:17.359Z" },
    { url = "https://files.pythonhosted.org/packages/9d/9f/6f1a4b40ae533b9e907b7e627e397be632d0d9fd6f6be7756cf458870279/fonttools-4.64.0-cp315-cp315t-manylinux2014_x86_64.manylinux_2_17_x86_64.whl", hash = "sha256:a515f664cad988f2295056833a59f62220bc3e46afdaffe389a29060f6712355", size = 5341654, upload-time = "2026-08-31T15:44:19.869Z" },
    { url = "https://files.pythonhosted.org/packages/52/f6/9ca30ba98730a22b527bcc1e02034f0b13b3be2ede764bb0fe8b8e0408d6/fonttools-4.64.0-cp315-cp315t-musllinux_1_2_aarch64.whl", hash = "sha256:5bfdaada437e7730c17d366bd7bb8c4a16639963ddbfc1b2f302a68a17a290e7", size = 5385994, upload-time = "2026-08-31T15:44:21.979Z" },
    { url = "https://files.pythonhosted.org/packages/09/27/baf1b61bff983bfec72cbb7b32162c4b68d76dc824aaaa48a1c26fa10b6b/fonttools-4.64.0-cp315-cp315t-musllinux_1_2_x86_64.whl", hash = "sha256:c60be0aed97a32c6ba8cee21f0d0477136e495451bd97910f589ac892db120d4", size = 5432407, upload-time = "2026-08-31T15:44:24.469Z" },
    { url = "https://files.pythonhosted.org/packages/21/ff/2eab37d43f2e2ccc0993959d8f2605d9a68470082c592684ac98611ee70a/fonttools-4.64.0-cp315-cp315t-win32.whl", hash = "sha256:f8669ce37851b597d3435b91fefa51139e58d506ca449ca0e5bb68c63b8b6d2b", size = 2463614, upload-time = "2026-08-31T15:44:27.198Z" },
    { url = "https://files.pythonhosted.org/packages/dc/8d/8bdff3ea656592197c8ef5062774221885468ffa01d8b0dc782dae23a83a/fonttools-4.64.0-cp315-cp315t-win_amd64.whl", hash = "sha256:89356c0793b474af7e49ec90d39fb2363e2341516a90460e38231df5ebe8acd5", size = 2512422, upload-time = "2026-08-31T15:44:29.478Z" },
    { url = "https://files.pythonhosted.org/packages/82/f8/7188153c4b265c899cd035de6a062677d51f67118a4ba640902bd9683e90/fonttools-4.64.0-py3-none-any.whl", hash = "sha256:4a05783ff54ce4c7a28f18e5772efdf63c219374bd9ffc55452182e1cef8be60", size = 1195327, upload-time = "2026-08-31T15:44:31.741Z" },
]

[[package]]
name = "iniconfig"
version = "2.3.0"
source = { registry = "https://pypi.org/simple" }
sdist = { url = "https://files.pythonhosted.org/packages/72/34/14ca021ce8e5dfedc35312d08ba8bf51fdd999c576889fc2c24cb97f4f10/iniconfig-2.3.0.tar.gz", hash = "sha256:c76315c77db068650d49c5b56314774a7804df16fee4402c1f19d6d15d8c4730", size = 20503, upload-time = "2025-10-18T21:55:43.219Z" }
wheels = [
    { url = "https://files.pythonhosted.org/packages/cb/b1/3846dd7f199d53cb17f49cba7e651e9ce294d8497c8c150530ed11865bb8/iniconfig-2.3.0-py3-none-any.whl", hash = "sha256:f631c04d2c48c52b84d0d0549c99ff3859c98df65b3101406327ecc7d53fbf12", size = 7484, upload-time = "2025-10-18T21:55:41.639Z" },
]

[[package]]
name = "numpy"
version = "2.5.2"
source = { registry = "https://pypi.org/simple" }
sdist = { url = "https://files.pythonhosted.org/packages/9a/80/db0b4559e57ec36362bedbb05530a87fafbcb6067708c946967a41d449e7/numpy-2.5.2.tar.gz", hash = "sha256:d482d171c406ae88c5b19cad3b6a1c4c5209f886ab74bc44c2c865c23f52d860", size = 20773161, upload-time = "2026-08-09T13:48:27.962Z" }
wheels = [
    { url = "https://files.pythonhosted.org/packages/f5/d2/6b24738a0ef4557d189b150046cd07823c50e4273e8aebd651222e24306f/numpy-2.5.2-cp313-cp313-macosx_10_13_x86_64.whl", hash = "sha256:8e4cb9a754c8a0c62eaa88273a5fba3391f4a610d1dee893c0755da31c083f15", size = 16886595, upload-time = "2026-08-09T13:45:27.323Z" },
    { url = "https://files.pythonhosted.org/packages/65/60/f2d208d366f263f39c6e69ed309290717aab41078b6d04c9be2a84fa2a07/numpy-2.5.2-cp313-cp313-macosx_11_0_arm64.whl", hash = "sha256:52c808f96484f5571a5cc863775ce50247c17dfb3b0361f8ed6b4b0456f80080", size = 11896845, upload-time = "2026-08-09T13:45:31.638Z" },
    { url = "https://files.pythonhosted.org/packages/3c/79/81e0bf24f4d020a2b1d5cd297a9f60c3f24eeb116f9bba5870443f7b6a4a/numpy-2.5.2-cp313-cp313-macosx_14_0_arm64.whl", hash = "sha256:29d81e97f668489cba8ebfd796b9bdd453525d35dd9e162e2daec94bf3fc7740", size = 5343880, upload-time = "2026-08-09T13:45:34.373Z" },
    { url = "https://files.pythonhosted.org/packages/ba/cc/e3141cf06d1a8a2c7e107543fe1269c1d1af760d4d683c0794a4ee1127c2/numpy-2.5.2-cp313-cp313-macosx_14_0_x86_64.whl", hash = "sha256:afb3f0632d6b2e3ba04dbce8d1e48d321b369138b73830b5ca371a0e8d479d56", size = 6682264, upload-time = "2026-08-09T13:45:36.7Z" },
    { url = "https://files.pythonhosted.org/packages/29/f1/2a64a307d92c5d98f5255a4014eb43bb6103ee477087b61ecae44a3aa9b9/numpy-2.5.2-cp313-cp313-manylinux_2_27_aarch64.manylinux_2_28_aarch64.whl", hash = "sha256:0aadf13b60048d501e05fa699efaf7734e2494f3498a4c2a5521d822640324f3", size = 15609566, upload-time = "2026-08-09T13:45:39.518Z" },
    { url = "https://files.pythonhosted.org/packages/7b/44/59a1eb68e773c4098d107ef34a0dbdeca501d72ffcfbff9a7707343921ce/numpy-2.5.2-cp313-cp313-manylinux_2_27_x86_64.manylinux_2_28_x86_64.whl", hash = "sha256:29b86ff8a6cc556b47ec6b64b194815cc80e6bf5eedcc6cddfd65318cb0b4eee", size = 16709995, upload-time = "2026-08-09T13:45:43.661Z" },
    { url = "https://files.pythonhosted.org/packages/8a/4c/3e54d4ddbc359a1295f8b633e8106bcd4d7d4a206e82df051bdfb3058755/numpy-2.5.2-cp313-cp313-musllinux_1_2_aarch64.whl", hash = "sha256:6950c4b7dd562453090548ba7f5da7e59f57f85663f15d5dcc60e249192f7e59", size = 16972511, upload-time = "2026-08-09T13:45:47.094Z" },
    { url = "https://files.pythonhosted.org/packages/f2/9f/02e371638ebf19b66d46231e4be52999e87f32d1961b113bc45656608b22/numpy-2.5.2-cp313-cp313-musllinux_1_2_x86_64.whl", hash = "sha256:b9727f472d2f3888053b8a75ab0cb94745a9de224bb5846dbadc0092101bc71d", size = 18465609, upload-time = "2026-08-09T13:45:50.808Z" },
    { url = "https://files.pythonhosted.org/packages/eb/ae/ad6645abc7a3510fe48e8ea1ab4598166f500057ef4ebf38bfad4f1577de/numpy-2.5.2-cp313-cp313-win32.whl", hash = "sha256:4f9744f9fbdcea0bc552e8f19e1f141f811a3f9bc2be2cc6e86d982cab23e3f4", size = 6070204, upload-time = "2026-08-09T13:45:54.111Z" },
    { url = "https://files.pythonhosted.org/packages/15/20/f3489f86d81ea460b2bcdceaed094142ca6579f6be0ec527b781d39afe68/numpy-2.5.2-cp313-cp313-win_amd64.whl", hash = "sha256:85aaccb24182c25df891ad0ec333585967e115269d5f1b17f2c9ae005bc96657", size = 12460532, upload-time = "2026-08-09T13:45:57.167Z" },
    { url = "https://files.pythonhosted.org/packages/d5/21/35b31dde1b283b79de828b80f876afd8c94e28fe1e9c375f89e261cc4c0d/numpy-2.5.2-cp313-cp313-win_arm64.whl", hash = "sha256:bd68ece1553d2023c09a4226d9e41c586ad2d20594d1a456186c33513d2cb3f2", size = 10396725, upload-time = "2026-08-09T13:46:00.478Z" },
    { url = "https://files.pythonhosted.org/packages/ac/f8/c3b222bf075b50afd8e949a07a15c4b312a4a84bd8102a332bcd953cbbb4/numpy-2.5.2-cp314-cp314-macosx_10_15_x86_64.whl", hash = "sha256:d787cf769c3baeb5f6235e778edb52c08dfa923789b5958f28e6450f96107cb1", size = 16885180, upload-time = "2026-08-09T13:46:03.939Z" },
    { url = "https://files.pythonhosted.org/packages/17/e1/2c1d4b1987795a92b5bbf7c24fe249ab96aa2573ab0d7604802c189d7b86/numpy-2.5.2-cp314-cp314-macosx_11_0_arm64.whl", hash = "sha256:24b9dc2e3d84aa58523798805194e23e736f3f6ce2d1a5b92583ae734e6dbda8", size = 11907878, upload-time = "2026-08-09T13:46:07.045Z" },
    { url = "https://files.pythonhosted.org/packages/b9/ee/d08226fc858044355983a6e5b94f08ff6f3969e0a2b160a4a89f0ddb3445/numpy-2.5.2-cp314-cp314-macosx_14_0_arm64.whl", hash = "sha256:9e9413326d726c2545bfa65d2c0876871e8d8386e77f992c1d426e180bbd4323", size = 5354922, upload-time = "2026-08-09T13:46:10.04Z" },
    { url = "https://files.pythonhosted.org/packages/94/f0/6d3d933056440ebbc5e6bad92065fc6c26a48a84a36b1208580e94eea76c/numpy-2.5.2-cp314-cp314-macosx_14_0_x86_64.whl", hash = "sha256:60e902ac295855348a5ca2ea4c89108989a9f5fddfad3dfc0a8f36b10358567e", size = 6679168, upload-time = "2026-08-09T13:46:12.275Z" },
    { url = "https://files.pythonhosted.org/packages/c4/3b/ecd49dd90033cceb2704d88ca905d4d7d89b0e8c739608754ffd325fa820/numpy-2.5.2-cp314-cp314-manylinux_2_27_aarch64.manylinux_2_28_aarch64.whl", hash = "sha256:50e500dc868e9313530ce12ba470fe50ff3afe3d62993ed6eff652dacd555b65", size = 15624501, upload-time = "2026-08-09T13:46:15.322Z" },
    { url = "https://files.pythonhosted.org/packages/c7/99/461bd36dbdfac6c1c53efa370bd55a83227542d0d118f1677dbf1a3dacd5/numpy-2.5.2-cp314-cp314-manylinux_2_27_x86_64.manylinux_2_28_x86_64.whl", hash = "sha256:318b9a4c845dbea06708a29c84ee429cc3065048db34cdb799047643492050ee", size = 16713701, upload-time = "2026-08-09T13:46:18.949Z" },
    { url = "https://files.pythonhosted.org/packages/f9/9c/2b251df9e8a5d647b62b0cbc1b90a91850c1cf4859ecb532fd0b4eacff6c/numpy-2.5.2-cp314-cp314-musllinux_1_2_aarch64.whl", hash = "sha256:34c319e2963be042673fb46570501b2f06c41924e17e3563d58646b4380dfb68", size = 16986065, upload-time = "2026-08-09T13:46:23.006Z" },
    { url = "https://files.pythonhosted.org/packages/8f/25/20de43f53ff1390534a124475055a19f01fe10c920a0fd11b8e18d6d6052/numpy-2.5.2-cp314-cp314-musllinux_1_2_x86_64.whl", hash = "sha256:f06571a052127dc1b4e8b83029b4d1b20daa2b64a31cdd181fc6bc774e9000eb", size = 18470031, upload-time = "2026-08-09T13:46:27.102Z" },
    { url = "https://files.pythonhosted.org/packages/56/5e/0c577ca308d6da5eb79b546ba10bbe5b60148192194e2da060913b1de4f1/numpy-2.5.2-cp314-cp314-win32.whl", hash = "sha256:2cc779226e476d1e1f08c74068c419e60f41a9e0e069c92f6671d31d5c985e98", size = 6121028, upload-time = "2026-08-09T13:46:30.046Z" },
    { url = "https://files.pythonhosted.org/packages/15/5c/7bcbd5b11f94199073320410cddcbb80cee62415bfeb540874b265c2d922/numpy-2.5.2-cp314-cp314-win_amd64.whl", hash = "sha256:7587f53dfbd5edc0f7b87c6217b4c6d2d1f2ef9c3da70bc1315e7db5f8d7ec9d", size = 12597627, upload-time = "2026-08-09T13:46:32.886Z" },
    { url = "https://files.pythonhosted.org/packages/87/bc/4d0b06fba0da90ccc75af62823cb9dcedb6c9ea0cffa058cb2c9ee773a77/numpy-2.5.2-cp314-cp314-win_arm64.whl", hash = "sha256:3e4c367352d3747784248a227fbec218e193b56f7e6692e3b64fc805478ecfdf", size = 10680414, upload-time = "2026-08-09T13:46:36.036Z" },
    { url = "https://files.pythonhosted.org/packages/cd/17/f429aac9dc08833a0d0f188eba38c532a751b1a1f2ca6018a37b455cb321/numpy-2.5.2-cp314-cp314t-macosx_11_0_arm64.whl", hash = "sha256:b879fb674276e331513fb136b78dbc6bd3c848309e0d841cfd63be3896c4cfc1", size = 12026967, upload-time = "2026-08-09T13:46:39.084Z" },
    { url = "https://files.pythonhosted.org/packages/ca/9f/d0849de96a2a4ceaa16662f18ee13eaa9c0aa418269fdc8c4857c56b11da/numpy-2.5.2-cp314-cp314t-macosx_14_0_arm64.whl", hash = "sha256:fd0d703772bba096843785bd38371e31bb4a0c1151497ad5739d182114a73f7f", size = 5473874, upload-time = "2026-08-09T13:46:42.075Z" },
    { url = "https://files.pythonhosted.org/packages/89/3c/8df216d4a4a5422a3de045301cf7df8ea47286d76f5cb7160b0128ac26b7/numpy-2.5.2-cp314-cp314t-macosx_14_0_x86_64.whl", hash = "sha256:3a2f061cebd9e3d23bdcfaaded5e2293a4c6a5b60fa42df85d410a725ce621bf", size = 6789276, upload-time = "2026-08-09T13:46:44.387Z" },
    { url = "https://files.pythonhosted.org/packages/e6/3a/20d7e9891c4ddfadd6ff8d95bf4b29f353d8e1770553de2099880551dfb9/numpy-2.5.2-cp314-cp314t-manylinux_2_27_aarch64.manylinux_2_28_aarch64.whl", hash = "sha256:6df895598c0edcb41030126c89e0f353b07d93238116143b7405e937359736c4", size = 15659154, upload-time = "2026-08-09T13:46:47.538Z" },
    { url = "https://files.pythonhosted.org/packages/aa/d6/f3aa3d2688bf501b858835c6bd087ae9b51a56ae6fca8e2b0990abd177af/numpy-2.5.2-cp314-cp314t-manylinux_2_27_x86_64.manylinux_2_28_x86_64.whl", hash = "sha256:1ab3d4a901f844ea836c3e80bf463c6a27d7f3c14e8e292fcf28d348b25b9bce", size = 16748909, upload-time = "2026-08-09T13:46:51.442Z" },
    { url = "https://files.pythonhosted.org/packages/7d/8f/1c5cae8d2baf86ab802ae97a00be55bc7e21ebc11b12bbc33376c5f05342/numpy-2.5.2-cp314-cp314t-musllinux_1_2_aarch64.whl", hash = "sha256:cebc2d6dbb605a7703d59751dea4bd6b0ab127a5a4338a6f432df1936fef8b26", size = 17027685, upload-time = "2026-08-09T13:46:55.095Z" },
    { url = "https://files.pythonhosted.org/packages/5c/27/71d3467404aedc1c24ce79610f91b52b0b0f466c43a701aa56fc75c145ab/numpy-2.5.2-cp314-cp314t-musllinux_1_2_x86_64.whl", hash = "sha256:eaca7ff36f0f52e2111ec71f169d8fd3e889e7ddc0d2592e0d703fd8d3ce8fac", size = 18501181, upload-time = "2026-08-09T13:46:59.09Z" },
    { url = "https://files.pythonhosted.org/packages/14/2f/42921d27c40aea7e077f4a423ae509fd9220b028cd787bafefd8ab2b3a5f/numpy-2.5.2-cp314-cp314t-win32.whl", hash = "sha256:ddf47472af2e4280d79bac82304f5e80150211f1b9e614b760061d5fdfbb6eba", size = 6271085, upload-time = "2026-08-09T13:47:01.903Z" },
    { url = "https://files.pythonhosted.org/packages/75/e6/bad5f5d56de9b1971bac959963dda276d35c40f1854475005434bbe08692/numpy-2.5.2-cp314-cp314t-win_amd64.whl", hash = "sha256:44ef9675d908e65f9953063837c3277730f3f4437615a4cdab67b366cabaf884", size = 12787971, upload-time = "2026-08-09T13:47:04.963Z" },
    { url = "https://files.pythonhosted.org/packages/df/05/f608795cb34391acd67e38d94a3c36abd8d8576293a3a80727d7595c372c/numpy-2.5.2-cp314-cp314t-win_arm64.whl", hash = "sha256:eaa088384c46f519dacb93b7ec483a6d6b19a4a2085ae4f25ab9b1c43d387d1e", size = 10750306, upload-time = "2026-08-09T13:47:07.976Z" },
    { url = "https://files.pythonhosted.org/packages/33/c6/28de0191c5f82b7d42a0a51390ba98587048aa93a39fafb05bdbe6e8d00c/numpy-2.5.2-cp315-cp315-macosx_10_15_x86_64.whl", hash = "sha256:078f9b027b478c9379b9677babbf0f8b8f1ecfada27636d7b9a93990c638739f", size = 16885274, upload-time = "2026-08-09T13:47:11.439Z" },
    { url = "https://files.pythonhosted.org/packages/dd/d1/973ca116000d244897e468ea1aff30b589e5022e3c8744b71706fe33bd57/numpy-2.5.2-cp315-cp315-macosx_11_0_arm64.whl", hash = "sha256:50a68f4bacd8a2b33d8da3d2269d0d78500f86ea582e4786dc10f5ef2c2c6842", size = 11907846, upload-time = "2026-08-09T13:47:15.128Z" },
    { url = "https://files.pythonhosted.org/packages/78/d9/8c4b3937ef204cb2fd88d389ccd0f265a2ffb11f35a01d2064cf46714bd6/numpy-2.5.2-cp315-cp315-macosx_14_0_arm64.whl", hash = "sha256:e79aba74ffaf5f78a050d777c184cddf8fdffabab38acf5f3ef1fecbc17895d6", size = 5354892, upload-time = "2026-08-09T13:47:18.07Z" },
    { url = "https://files.pythonhosted.org/packages/74/9b/b6ee65ea2999fdb7023935e108e6fb776ee4082aa15f159acfa857e578c8/numpy-2.5.2-cp315-cp315-macosx_14_0_x86_64.whl", hash = "sha256:9a0731745a72a184490a582fb4af2533512bd071ace67785b5fdffc0ae58dce8", size = 6679309, upload-time = "2026-08-09T13:47:20.456Z" },
    { url = "https://files.pythonhosted.org/packages/43/f3/acb18d8b137a393c8e7803a8c994c9e64bde3930692a69d826993113a159/numpy-2.5.2-cp315-cp315-manylinux_2_27_aarch64.manylinux_2_28_aarch64.whl", hash = "sha256:4ec954036759bcee3aa484f8603bd9c14f3e776293b85578b8734c2d72777c69", size = 15625850, upload-time = "2026-08-09T13:47:24.365Z" },
    { url = "https://files.pythonhosted.org/packages/a9/bf/a8e9bb0db815a0e265b5744ebedd3af0bd5faad8604e5b50a1cd012f3c91/numpy-2.5.2-cp315-cp315-manylinux_2_27_x86_64.manylinux_2_28_x86_64.whl", hash = "sha256:dc649493697006bc90614a5f0bbc8cb3cb1866715c474e473694968d7e6b99ab", size = 16713664, upload-time = "2026-08-09T13:47:27.965Z" },
    { url = "https://files.pythonhosted.org/packages/0c/c3/6e913736b3dd6582344af32418b5fb9dab34282e8a8174ae1d54ceb0fc13/numpy-2.5.2-cp315-cp315-musllinux_1_2_aarch64.whl", hash = "sha256:cf7de32f486e4ac9e2d93b810f9e9ac72a728dd46a32a0bb403222f27f653514", size = 16986749, upload-time = "2026-08-09T13:47:31.541Z" },
    { url = "https://files.pythonhosted.org/packages/80/09/7d3b23eff5c7428ef6c01e6f7052bb60d504c4d33e317b36b8959c24ad97/numpy-2.5.2-cp315-cp315-musllinux_1_2_x86_64.whl", hash = "sha256:2ffa7bacab3e2ee1b19ed31766bb60bb380b68c23f051e199c5cc598afd68710", size = 18470495, upload-time = "2026-08-09T13:47:35.364Z" },
    { url = "https://files.pythonhosted.org/packages/a5/a4/68a321d825374f6eb677ffe8ef8c6b9a328304e6fd2e39d9530822776607/numpy-2.5.2-cp315-cp315-win32.whl", hash = "sha256:6b588cc8f902d6bff201c19fd00c43ab8545671e3554d014e12e14139e5e8617", size = 6120696, upload-time = "2026-08-09T13:47:38.561Z" },
    { url = "https://files.pythonhosted.org/packages/c8/23/deafbb1700f79fae9cd1e91220f133d124cc267de1b584da3fbf6db2f6cd/numpy-2.5.2-cp315-cp315-win_amd64.whl", hash = "sha256:07d4e89f3a9ab0a9ba24264ccdb642b3dd951b2281e8883a5481a4aa79cc31a7", size = 12597324, upload-time = "2026-08-09T13:47:41.401Z" },
    { url = "https://files.pythonhosted.org/packages/33/cd/3272ba105e3bbbdaeb11357eda31e7a6825ffe159e8171665660299a948f/numpy-2.5.2-cp315-cp315-win_arm64.whl", hash = "sha256:a610dc7e3c52edd39c2bc2375ff9c3fd59cb3ad00e4472d36f83bc1457145788", size = 10680466, upload-time = "2026-08-09T13:47:44.873Z" },
    { url = "https://files.pythonhosted.org/packages/0e/0e/58370637b1bb70a5c9ce2b43f4b521ccb224e36ccb76a6596b17ae4b447c/numpy-2.5.2-cp315-cp315t-macosx_10_15_x86_64.whl", hash = "sha256:40f4d451aed46a8046a1aae41c4e55fb3612273df9c502480135e1501576a34b", size = 16993947, upload-time = "2026-08-09T13:47:48.97Z" },
    { url = "https://files.pythonhosted.org/packages/10/93/2abcb807712b289d6d60fe4cf30532f98974a8396d885650f3ba5a13026e/numpy-2.5.2-cp315-cp315t-macosx_11_0_arm64.whl", hash = "sha256:c081cbe16ba1ab53078e5ff29013621e33c509eedab055775d956427712c236e", size = 12025331, upload-time = "2026-08-09T13:47:52.646Z" },
    { url = "https://files.pythonhosted.org/packages/8b/3a/2898e003a5fbaf87e76c039b4ee1f5eb390471b4ffe74887c1f34c4e791e/numpy-2.5.2-cp315-cp315t-macosx_14_0_arm64.whl", hash = "sha256:0090ccdd57ec2703e9b49d0bf554767370581c1dd0a6b2bb2b2d9def317d042a", size = 5472336, upload-time = "2026-08-09T13:47:55.403Z" },
    { url = "https://files.pythonhosted.org/packages/61/a5/23f69d07c544597b29758b31b55c27dc9d541012a2c1496189fef702aec2/numpy-2.5.2-cp315-cp315t-macosx_14_0_x86_64.whl", hash = "sha256:6a9bb119fb8dd21ba30b3f0e555b7e2b081bd9883af21ec9c1c633d161cda3a8", size = 6788387, upload-time = "2026-08-09T13:47:58.192Z" },
    { url = "https://files.pythonhosted.org/packages/15/ea/c0dbdbcf22f43782510a3e492dd3da73c6112b69cac8929d16d127536fc4/numpy-2.5.2-cp315-cp315t-manylinux_2_27_aarch64.manylinux_2_28_aarch64.whl", hash = "sha256:a839318485284a6fb31be4f8f2c91c8f2cb22f4543c4a8903f12b0671ffe07cc", size = 15667096, upload-time = "2026-08-09T13:48:01.562Z" },
    { url = "https://files.pythonhosted.org/packages/fc/5e/29c73c31748cdb0f7566642125ba17fd5b56780cddf891b085dab27e4466/numpy-2.5.2-cp315-cp315t-manylinux_2_27_x86_64.manylinux_2_28_x86_64.whl", hash = "sha256:ba0a474801b8dc67b66bf465548abc90e82b44d2611b5770f33008dcabffe8ec", size = 16751730, upload-time = "2026-08-09T13:48:05.706Z" },
    { url = "https://files.pythonhosted.org/packages/47/95/02501e8454796bb58dadf7a99d3181e0b464bf264e1003039572f9779fac/numpy-2.5.2-cp315-cp315t-musllinux_1_2_aarch64.whl", hash = "sha256:0a4035ae1129ff8777f08bfbd44f1e5d8e9c049ce0c2dd78fc0d92c13e7251c0", size = 17038686, upload-time = "2026-08-09T13:48:09.627Z" },
    { url = "https://files.pythonhosted.org/packages/0e/b5/53a681d91b5c82687067d8ea5035e02d917b5509d6f334cb06484a954714/numpy-2.5.2-cp315-cp315t-musllinux_1_2_x86_64.whl", hash = "sha256:77843ca236b777e67f8d6b3660ea116e499612703a0ecd7093f316201eb9d8e2", size = 18507727, upload-time = "2026-08-09T13:48:13.744Z" },
    { url = "https://files.pythonhosted.org/packages/42/06/6e11443f7b64ee376c860506091103bf68f92d2cab9e8d96d4501babf07c/numpy-2.5.2-cp315-cp315t-win32.whl", hash = "sha256:7354826bc6f8f69402e9b7fe28d15fcd34feebd74f856f111585c5b0c9fb0251", size = 6269775, upload-time = "2026-08-09T13:48:17.543Z" },
    { url = "https://files.pythonhosted.org/packages/f1/18/195d6b86cd72dbbc501edfa778005fa6b87afd34c153e46028cd3a0938f4/numpy-2.5.2-cp315-cp315t-win_amd64.whl", hash = "sha256:e5651f3f87add730ee6608d915009e19c911fba0cb000c7e3ea994b7d768eb12", size = 12782559, upload-time = "2026-08-09T13:48:21.023Z" },
    { url = "https://files.pythonhosted.org/packages/b4/07/458c344f0f0c178f4481dad5cca790626ffe4c34eabf9467069d06ee4999/numpy-2.5.2-cp315-cp315t-win_arm64.whl", hash = "sha256:5f8e00be2ec6f45f4e8a41a527f68d44a7d96fee92a650e4d8b1326f77f61e6e", size = 10748103, upload-time = "2026-08-09T13:48:24.21Z" },
]

[[package]]
name = "packaging"
version = "26.3"
source = { registry = "https://pypi.org/simple" }
sdist = { url = "https://files.pythonhosted.org/packages/7d/fa/3944b40b07da9ce895c0e6303a5ab7d53da063554f534556b134a54d6093/packaging-26.3.tar.gz", hash = "sha256:94edc256424af38762eb31306eed28beb9f0efc50a8837492c9d6fd6004aed79", size = 313412, upload-time = "2026-08-04T18:15:28.737Z" }
wheels = [
    { url = "https://files.pythonhosted.org/packages/63/34/ba1c580383c9eada3711951fef0795c80b829a078d72188184bcab9dd527/packaging-26.3-py3-none-any.whl", hash = "sha256:d7193f7c8e4e93f444fde0262bf90af30e16fa0ad0ad44cb553c87339b23cd1c", size = 129956, upload-time = "2026-08-04T18:15:27.159Z" },
]

[[package]]
name = "pluggy"
version = "1.6.0"
source = { registry = "https://pypi.org/simple" }
sdist = { url = "https://files.pythonhosted.org/packages/f9/e2/3e91f31a7d2b083fe6ef3fa267035b518369d9511ffab804f839851d2779/pluggy-1.6.0.tar.gz", hash = "sha256:7dcc130b76258d33b90f61b658791dede3486c3e6bfb003ee5c9bfb396dd22f3", size = 69412, upload-time = "2025-05-15T12:30:07.975Z" }
wheels = [
    { url = "https://files.pythonhosted.org/packages/54/20/4d324d65cc6d9205fabedc306948156824eb9f0ee1633355a8f7ec5c66bf/pluggy-1.6.0-py3-none-any.whl", hash = "sha256:e920276dd6813095e9377c0bc5566d94c932c33b27a3e3945d8389c374dd4746", size = 20538, upload-time = "2025-05-15T12:30:06.134Z" },
]

[[package]]
name = "pygments"
version = "2.21.0"
source = { registry = "https://pypi.org/simple" }
sdist = { url = "https://files.pythonhosted.org/packages/49/2e/ced460408999b33da6b31b0021b0f37d329e202d4169aeb164493778f25b/pygments-2.21.0.tar.gz", hash = "sha256:610ca751c9bc2492b38eb9a38a7fbc93edbbb2d7182edaf34e66ae493dee5c8c", size = 5005329, upload-time = "2026-08-17T08:02:48.824Z" }
wheels = [
    { url = "https://files.pythonhosted.org/packages/71/46/17f022dd3e953bf20a04a028a21ec746d942f8d2af30fa0f124fa0e6a684/pygments-2.21.0-py3-none-any.whl", hash = "sha256:2363c69b61c4a97c838da3b130dcd6468f4848992b21a82f2a63ec34377137d9", size = 1250147, upload-time = "2026-08-17T08:02:44.912Z" },
]

[[package]]
name = "pysubs2"
version = "1.9.0"
source = { registry = "https://pypi.org/simple" }
sdist = { url = "https://files.pythonhosted.org/packages/f2/20/9071b8b0012d9102e90292c71fe3f1181c33e772e28cbabb4779c0087603/pysubs2-1.9.0.tar.gz", hash = "sha256:4592405e5d961e23cd39c81e2875fb85c30346ae37d100f144cd7fd8ec560e42", size = 1147418, upload-time = "2026-08-16T19:54:51.267Z" }
wheels = [
    { url = "https://files.pythonhosted.org/packages/4f/43/6b89c84f5a6753b1dbc43b8d010443b8f2314a2b94f34e448975d115c962/pysubs2-1.9.0-py3-none-any.whl", hash = "sha256:83f1979cb7e064294f0c8473ef672ca2e5c0a7172bbf8ae9b4337899d5cdf01f", size = 48175, upload-time = "2026-08-16T19:54:49.927Z" },
]

[[package]]
name = "pytest"
version = "9.1.1"
source = { registry = "https://pypi.org/simple" }
dependencies = [
    { name = "colorama", marker = "sys_platform == 'win32'" },
    { name = "iniconfig" },
    { name = "packaging" },
    { name = "pluggy" },
    { name = "pygments" },
]
sdist = { url = "https://files.pythonhosted.org/packages/e4/47/b9efed96c114afcfa3c9d3fe98a76a1d14c74a9e266d397cf6eb64be5e01/pytest-9.1.1.tar.gz", hash = "sha256:1088fbde8f2b49d95a549a195707afa7a76a3ce9bcadc26b6d71f0ffda5fe313", size = 1636369, upload-time = "2026-06-19T10:58:32.857Z" }
wheels = [
    { url = "https://files.pythonhosted.org/packages/24/25/1de2678b631f5a49215c6c96fff41ba892b0a34df68d6d80292b1b48aa7f/pytest-9.1.1-py3-none-any.whl", hash = "sha256:37a86b45efb9a47a61a36449063e8e18d0cab3161329fc099eb21783169c4f0c", size = 386536, upload-time = "2026-06-19T10:58:31.347Z" },
]

[[package]]
name = "saitenka-subtitles"
version = "0.1.0"
source = { editable = "." }
dependencies = [
    { name = "fonttools" },
    { name = "numpy" },
    { name = "pysubs2" },
]

[package.dev-dependencies]
dev = [
    { name = "pytest" },
]

[package.metadata]
requires-dist = [
    { name = "fonttools", specifier = ">=4.55" },
    { name = "numpy", specifier = ">=2.0" },
    { name = "pysubs2", specifier = ">=1.8.1" },
]

[package.metadata.requires-dev]
dev = [{ name = "pytest", specifier = ">=8.0" }]
